{
  "nodes": {
    "base16": {
      "inputs": {
        "flake-utils": "flake-utils",
        "nixpkgs": "nixpkgs"
      },
      "locked": {
        "lastModified": 1613923028,
        "narHash": "sha256-4RufOiI96MrQRHb1DvG38y3Qa5nnGjk+FXspXo7mxV0=",
        "owner": "lukebfox",
        "repo": "base16-nix",
        "rev": "30cf00e4f986403fe44d215fec203178e3b1eb83",
        "type": "github"
      },
      "original": {
        "owner": "lukebfox",
        "repo": "base16-nix",
        "type": "github"
      }
    },
    "emacs": {
      "locked": {
        "lastModified": 1608121729,
        "narHash": "sha256-aGjyp+wG/LHGoEHKktLMlwlvYPUrzt0mI1UGe8YagdM=",
        "owner": "nix-community",
        "repo": "emacs-overlay",
        "rev": "33dcedab062a2ac2035ba805d3e8e5e5915aa3f2",
        "type": "github"
      },
      "original": {
        "owner": "nix-community",
        "repo": "emacs-overlay",
        "type": "github"
      }
    },
    "flake-compat": {
      "flake": false,
      "locked": {
        "lastModified": 1606424373,
        "narHash": "sha256-oq8d4//CJOrVj+EcOaSXvMebvuTkmBJuT5tzlfewUnQ=",
        "owner": "edolstra",
        "repo": "flake-compat",
        "rev": "99f1c2157fba4bfe6211a321fd0ee43199025dbf",
        "type": "github"
      },
      "original": {
        "owner": "edolstra",
        "repo": "flake-compat",
        "type": "github"
      }
    },
    "flake-utils": {
      "locked": {
        "lastModified": 1610051610,
        "narHash": "sha256-U9rPz/usA1/Aohhk7Cmc2gBrEEKRzcW4nwPWMPwja4Y=",
        "owner": "numtide",
        "repo": "flake-utils",
        "rev": "3982c9903e93927c2164caa727cd3f6a0e6d14cc",
        "type": "github"
      },
      "original": {
        "owner": "numtide",
        "repo": "flake-utils",
        "type": "github"
      }
    },
    "flake-utils_2": {
      "locked": {
        "lastModified": 1610051610,
        "narHash": "sha256-U9rPz/usA1/Aohhk7Cmc2gBrEEKRzcW4nwPWMPwja4Y=",
        "owner": "numtide",
        "repo": "flake-utils",
        "rev": "3982c9903e93927c2164caa727cd3f6a0e6d14cc",
        "type": "github"
      },
      "original": {
        "owner": "numtide",
        "repo": "flake-utils",
        "type": "github"
      }
    },
    "home-manager": {
      "inputs": {
        "nixpkgs": [
          "nixpkgs"
        ]
      },
      "locked": {
        "lastModified": 1613929272,
        "narHash": "sha256-vDfNAk5jD8jZ4W83UsGKtRn4tPY5K++lisiSbZlelGQ=",
        "owner": "nix-community",
        "repo": "home-manager",
        "rev": "029767ca63fe33d9dd002093fc065ea8fde565ab",
        "type": "github"
      },
      "original": {
        "owner": "nix-community",
        "repo": "home-manager",
        "type": "github"
      }
    },
    "nixops-plugged": {
      "inputs": {
        "flake-compat": "flake-compat",
        "nixpkgs": "nixpkgs_2",
        "poetry2nix": "poetry2nix",
        "utils": "utils"
      },
      "locked": {
        "lastModified": 1612632599,
        "narHash": "sha256-9qwkYjd2xrV02/eCfCb6Mtr9U0unEZjjB0VRfnE3XD4=",
        "owner": "lukebfox",
        "repo": "nixops-plugged",
        "rev": "30cede1783ed9ca044ba58346b23635c5176babe",
        "type": "github"
      },
      "original": {
        "owner": "lukebfox",
        "repo": "nixops-plugged",
        "type": "github"
      }
    },
    "nixpkgs": {
      "locked": {
        "lastModified": 1613917044,
        "narHash": "sha256-YvBBwtvrnove51SXQ67OVQHctYjEEpFu6GEzRe0pp5I=",
        "owner": "nixos",
        "repo": "nixpkgs",
        "rev": "aed173ff9707387b238c1c7e143152ca9d8878e9",
        "type": "github"
      },
      "original": {
        "owner": "nixos",
        "repo": "nixpkgs",
        "type": "github"
      }
    },
    "nixpkgs-unstable": {
      "locked": {
        "lastModified": 1612393760,
        "narHash": "sha256-SZMnixoWffr8FPRmFOah/3+vP1q316rn/dxL2PNwLq4=",
        "owner": "NixOS",
        "repo": "nixpkgs",
        "rev": "ca14ff07774283b1d8305dd01fba7910dce4ae17",
        "type": "github"
      },
      "original": {
        "id": "nixpkgs",
        "ref": "master",
        "type": "indirect"
      }
    },
    "nixpkgs_2": {
      "locked": {
        "lastModified": 1606984864,
        "narHash": "sha256-yTz6tNbjOz7ezTw/r+M9CgYlfXczEtPlLnwkk2D0CUg=",
        "owner": "NixOS",
        "repo": "nixpkgs",
        "rev": "296793637b22bdb4d23b479879eba0a71c132a66",
        "type": "github"
      },
      "original": {
        "owner": "NixOS",
        "ref": "nixos-unstable",
        "repo": "nixpkgs",
        "type": "github"
      }
    },
    "nixpkgs_3": {
      "locked": {
        "lastModified": 1612282043,
        "narHash": "sha256-MzoN8nI1eydYHuWBAXBcw9Na0XndZHa/VjoxZRWSX68=",
        "owner": "NixOS",
        "repo": "nixpkgs",
        "rev": "fab6fcdceb2560a4ab943830a2b1632458c7a6ff",
        "type": "github"
      },
      "original": {
        "id": "nixpkgs",
        "ref": "nixos-unstable",
        "type": "indirect"
      }
    },
    "poetry2nix": {
      "locked": {
        "lastModified": 1606762446,
        "narHash": "sha256-pdfw99HUkCxeZnCRCag7edNcH99gB5igRqc6YBAknqw=",
        "owner": "nix-community",
        "repo": "poetry2nix",
        "rev": "fd0e5772e6e48727904913db8f6df0511086f8ac",
        "type": "github"
      },
      "original": {
        "owner": "nix-community",
        "repo": "poetry2nix",
        "type": "github"
      }
    },
    "root": {
      "inputs": {
        "base16": "base16",
        "emacs": "emacs",
        "flake-utils": "flake-utils_2",
        "home-manager": "home-manager",
        "nixops-plugged": "nixops-plugged",
        "nixpkgs": "nixpkgs_3",
        "nixpkgs-unstable": "nixpkgs-unstable"
      }
    },
    "utils": {
      "locked": {
        "lastModified": 1601282935,
        "narHash": "sha256-WQAFV6sGGQxrRs3a+/Yj9xUYvhTpukQJIcMbIi7LCJ4=",
        "owner": "numtide",
        "repo": "flake-utils",
        "rev": "588973065fce51f4763287f0fda87a174d78bf48",
        "type": "github"
      },
      "original": {
        "owner": "numtide",
        "repo": "flake-utils",
        "type": "github"
      }
    }
  },
  "root": "root",
  "version": 7
}
