{
  "nodes": {
    "base16": {
      "inputs": {
        "flake-utils": "flake-utils",
        "nixpkgs": "nixpkgs"
      },
      "locked": {
        "lastModified": 1613923028,
        "narHash": "sha256-4RufOiI96MrQRHb1DvG38y3Qa5nnGjk+FXspXo7mxV0=",
        "owner": "lukebfox",
        "repo": "base16-nix",
        "rev": "30cf00e4f986403fe44d215fec203178e3b1eb83",
        "type": "github"
      },
      "original": {
        "owner": "lukebfox",
        "repo": "base16-nix",
        "type": "github"
      }
    },
    "deadnix": {
      "inputs": {
        "fenix": "fenix",
        "naersk": "naersk",
        "nixpkgs": [
          "nixpkgs"
        ],
        "utils": "utils"
      },
      "locked": {
        "lastModified": 1640098683,
        "narHash": "sha256-MCLfeZUzPWVzHZV2Nh+N7THRgLireClo9AMoROkYIck=",
        "owner": "astro",
        "repo": "deadnix",
        "rev": "ea4ab39a8a1f609a2867efb5e866a2a4263a62f4",
        "type": "github"
      },
      "original": {
        "owner": "astro",
        "repo": "deadnix",
        "type": "github"
      }
    },
    "emacs-overlay": {
      "locked": {
        "lastModified": 1640772551,
        "narHash": "sha256-+ZJA0QKyB2V1bmG+5m+d5VYIgVbRnZsh0yuiZKDOMPw=",
        "owner": "nix-community",
        "repo": "emacs-overlay",
        "rev": "31ce2006bac151bc179f499bbacccb47327c92bd",
        "type": "github"
      },
      "original": {
        "owner": "nix-community",
        "repo": "emacs-overlay",
        "type": "github"
      }
    },
    "fenix": {
      "inputs": {
        "nixpkgs": "nixpkgs_2",
        "rust-analyzer-src": "rust-analyzer-src"
      },
      "locked": {
        "lastModified": 1639808710,
        "narHash": "sha256-OKDHt4D14puuqfVHptQ6EvjIR9RaHXyPzMh8Rjo8vzA=",
        "owner": "nix-community",
        "repo": "fenix",
        "rev": "9b391fc1831ece6c245a4eafe7b52f5c806df28c",
        "type": "github"
      },
      "original": {
        "owner": "nix-community",
        "repo": "fenix",
        "type": "github"
      }
    },
    "flake-compat": {
      "flake": false,
      "locked": {
        "lastModified": 1606424373,
        "narHash": "sha256-oq8d4//CJOrVj+EcOaSXvMebvuTkmBJuT5tzlfewUnQ=",
        "owner": "edolstra",
        "repo": "flake-compat",
        "rev": "99f1c2157fba4bfe6211a321fd0ee43199025dbf",
        "type": "github"
      },
      "original": {
        "owner": "edolstra",
        "repo": "flake-compat",
        "type": "github"
      }
    },
    "flake-utils": {
      "locked": {
        "lastModified": 1610051610,
        "narHash": "sha256-U9rPz/usA1/Aohhk7Cmc2gBrEEKRzcW4nwPWMPwja4Y=",
        "owner": "numtide",
        "repo": "flake-utils",
        "rev": "3982c9903e93927c2164caa727cd3f6a0e6d14cc",
        "type": "github"
      },
      "original": {
        "owner": "numtide",
        "repo": "flake-utils",
        "type": "github"
      }
    },
    "flake-utils_2": {
      "locked": {
        "lastModified": 1638122382,
        "narHash": "sha256-sQzZzAbvKEqN9s0bzWuYmRaA03v40gaJ4+iL1LXjaeI=",
        "owner": "numtide",
        "repo": "flake-utils",
        "rev": "74f7e4319258e287b0f9cb95426c9853b282730b",
        "type": "github"
      },
      "original": {
        "owner": "numtide",
        "repo": "flake-utils",
        "type": "github"
      }
    },
    "flake-utils_3": {
      "locked": {
        "lastModified": 1638122382,
        "narHash": "sha256-sQzZzAbvKEqN9s0bzWuYmRaA03v40gaJ4+iL1LXjaeI=",
        "owner": "numtide",
        "repo": "flake-utils",
        "rev": "74f7e4319258e287b0f9cb95426c9853b282730b",
        "type": "github"
      },
      "original": {
        "owner": "numtide",
        "repo": "flake-utils",
        "type": "github"
      }
    },
    "flake-utils_4": {
      "locked": {
        "lastModified": 1610051610,
        "narHash": "sha256-U9rPz/usA1/Aohhk7Cmc2gBrEEKRzcW4nwPWMPwja4Y=",
        "owner": "numtide",
        "repo": "flake-utils",
        "rev": "3982c9903e93927c2164caa727cd3f6a0e6d14cc",
        "type": "github"
      },
      "original": {
        "owner": "numtide",
        "repo": "flake-utils",
        "type": "github"
      }
    },
    "flake-utils_5": {
      "locked": {
        "lastModified": 1637014545,
        "narHash": "sha256-26IZAc5yzlD9FlDT54io1oqG/bBoyka+FJk5guaX4x4=",
        "owner": "numtide",
        "repo": "flake-utils",
        "rev": "bba5dcc8e0b20ab664967ad83d24d64cb64ec4f4",
        "type": "github"
      },
      "original": {
        "owner": "numtide",
        "repo": "flake-utils",
        "type": "github"
      }
    },
    "home-manager": {
      "inputs": {
        "nixpkgs": [
          "nixpkgs"
        ]
      },
      "locked": {
        "lastModified": 1640770690,
        "narHash": "sha256-Rl2cD8yspug7sPRXXJkVvmjLFS8i9g04iNDzohMEuyg=",
        "owner": "nix-community",
        "repo": "home-manager",
        "rev": "2f40cd05dc0ffe3ba69a94e9e76e0357c5b9a0b8",
        "type": "github"
      },
      "original": {
        "owner": "nix-community",
        "repo": "home-manager",
        "type": "github"
      }
    },
    "naersk": {
      "inputs": {
        "nixpkgs": "nixpkgs_3"
      },
      "locked": {
        "lastModified": 1639731602,
        "narHash": "sha256-5u/J/7KrY/fYL/OeBLxP4E9NdNdQrriHpOyPBleKp5I=",
        "owner": "nix-community",
        "repo": "naersk",
        "rev": "5415c7045366bb53db1a33cf7d975942b5553a28",
        "type": "github"
      },
      "original": {
        "owner": "nix-community",
        "repo": "naersk",
        "type": "github"
      }
    },
    "nixops-plugged": {
      "inputs": {
        "flake-compat": "flake-compat",
        "flake-utils": "flake-utils_3",
        "nixpkgs": "nixpkgs_4",
        "poetry2nix": "poetry2nix"
      },
      "locked": {
        "lastModified": 1622383950,
        "narHash": "sha256-tik8M/YoKwxnm73opMUTU6r7fRcv/W844qKC21MOrRk=",
        "owner": "lukebfox",
        "repo": "nixops-plugged",
        "rev": "d063dfc2a1ab3d62529716626b64964592230077",
        "type": "github"
      },
      "original": {
        "owner": "lukebfox",
        "repo": "nixops-plugged",
        "type": "github"
      }
    },
    "nixpkgs": {
      "locked": {
        "lastModified": 1613917044,
        "narHash": "sha256-YvBBwtvrnove51SXQ67OVQHctYjEEpFu6GEzRe0pp5I=",
        "owner": "nixos",
        "repo": "nixpkgs",
        "rev": "aed173ff9707387b238c1c7e143152ca9d8878e9",
        "type": "github"
      },
      "original": {
        "owner": "nixos",
        "repo": "nixpkgs",
        "type": "github"
      }
    },
    "nixpkgs-unstable": {
      "locked": {
        "lastModified": 1640792707,
        "narHash": "sha256-V5FFhb7CMiU5W8OXxzNqPykbZU3QEbRnuQLubiICpDs=",
        "owner": "NixOS",
        "repo": "nixpkgs",
        "rev": "21466e63cc60b229584256eec495171825b0604d",
        "type": "github"
      },
      "original": {
        "id": "nixpkgs",
        "ref": "master",
        "type": "indirect"
      }
    },
    "nixpkgs_2": {
      "locked": {
        "lastModified": 1640540585,
        "narHash": "sha256-cCmknKFjWgam9jq+58wSd0Z4REia8mjBP65kXcL3ki8=",
        "owner": "nixos",
        "repo": "nixpkgs",
        "rev": "ac169ec6371f0d835542db654a65e0f2feb07838",
        "type": "github"
      },
      "original": {
        "owner": "nixos",
        "ref": "nixos-unstable",
        "repo": "nixpkgs",
        "type": "github"
      }
    },
    "nixpkgs_3": {
      "locked": {
        "lastModified": 1640418986,
        "narHash": "sha256-a8GGtxn2iL3WAkY5H+4E0s3Q7XJt6bTOvos9qqxT5OQ=",
        "owner": "NixOS",
        "repo": "nixpkgs",
        "rev": "5c37ad87222cfc1ec36d6cd1364514a9efc2f7f2",
        "type": "github"
      },
      "original": {
        "id": "nixpkgs",
        "type": "indirect"
      }
    },
    "nixpkgs_4": {
      "locked": {
        "lastModified": 1621667810,
        "narHash": "sha256-Tsnd84XTiAtqKLOjfCflmeh+R7whf+FNW7OKrTJ6ZOI=",
        "owner": "nixos",
        "repo": "nixpkgs",
        "rev": "efee454783c5c14ae78687439077c1d3f0544d97",
        "type": "github"
      },
      "original": {
        "owner": "nixos",
        "ref": "nixpkgs-unstable",
        "repo": "nixpkgs",
        "type": "github"
      }
    },
    "nixpkgs_5": {
      "locked": {
        "lastModified": 1610729867,
        "narHash": "sha256-bk/SBaBLqZX/PEqal27DMQwAHHl0dcZMp8NNksQr80s=",
        "owner": "NixOS",
        "repo": "nixpkgs",
        "rev": "04af07c659c6723a2259bb6bc00a47ec53330f20",
        "type": "github"
      },
      "original": {
        "owner": "NixOS",
        "repo": "nixpkgs",
        "type": "github"
      }
    },
    "nixpkgs_6": {
      "locked": {
        "lastModified": 1640540585,
        "narHash": "sha256-cCmknKFjWgam9jq+58wSd0Z4REia8mjBP65kXcL3ki8=",
        "owner": "NixOS",
        "repo": "nixpkgs",
        "rev": "ac169ec6371f0d835542db654a65e0f2feb07838",
        "type": "github"
      },
      "original": {
        "id": "nixpkgs",
        "ref": "nixos-unstable",
        "type": "indirect"
      }
    },
    "poetry2nix": {
      "inputs": {
        "flake-utils": "flake-utils_4",
        "nixpkgs": "nixpkgs_5"
      },
      "locked": {
        "lastModified": 1621564136,
        "narHash": "sha256-cXhv2lcpxz9muSKsJ0+r5q8YUGYIUARsPUFFWfcuiAQ=",
        "owner": "nix-community",
        "repo": "poetry2nix",
        "rev": "a5d82ecb020e6c058c0a515520a4e22133278b92",
        "type": "github"
      },
      "original": {
        "owner": "nix-community",
        "repo": "poetry2nix",
        "type": "github"
      }
    },
    "root": {
      "inputs": {
        "base16": "base16",
        "deadnix": "deadnix",
        "emacs-overlay": "emacs-overlay",
        "flake-utils": "flake-utils_2",
        "home-manager": "home-manager",
        "nixops-plugged": "nixops-plugged",
        "nixpkgs": "nixpkgs_6",
        "nixpkgs-unstable": "nixpkgs-unstable",
        "rust-overlay": "rust-overlay"
      }
    },
    "rust-analyzer-src": {
      "flake": false,
      "locked": {
        "lastModified": 1639175515,
        "narHash": "sha256-Yj38u9BpKfyGrcSEaoSEnOns885xn/Ask6lR5rsxS8k=",
        "owner": "rust-analyzer",
        "repo": "rust-analyzer",
        "rev": "d03397fe1173eaeb2e04c9e55ac223289e7e08ee",
        "type": "github"
      },
      "original": {
        "owner": "rust-analyzer",
        "ref": "nightly",
        "repo": "rust-analyzer",
        "type": "github"
      }
    },
    "rust-overlay": {
      "inputs": {
        "flake-utils": "flake-utils_5",
        "nixpkgs": [
          "nixpkgs"
        ]
      },
      "locked": {
        "lastModified": 1640745503,
        "narHash": "sha256-wNaKhTzs43eAyarghmoHGlRQLKoAthrAx0zQsfTLM8I=",
        "owner": "oxalica",
        "repo": "rust-overlay",
        "rev": "a6b51f6ef121bf3b22851c0cb447a40be78601b5",
        "type": "github"
      },
      "original": {
        "owner": "oxalica",
        "repo": "rust-overlay",
        "type": "github"
      }
    },
    "utils": {
      "locked": {
        "lastModified": 1638122382,
        "narHash": "sha256-sQzZzAbvKEqN9s0bzWuYmRaA03v40gaJ4+iL1LXjaeI=",
        "owner": "numtide",
        "repo": "flake-utils",
        "rev": "74f7e4319258e287b0f9cb95426c9853b282730b",
        "type": "github"
      },
      "original": {
        "owner": "numtide",
        "repo": "flake-utils",
        "type": "github"
      }
    }
  },
  "root": "root",
  "version": 7
}
